
Microsoft Visual Studio Solution File, Format Version 12.00
# Visual Studio Version 16
VisualStudioVersion = 16.0.29324.140
MinimumVisualStudioVersion = 10.0.40219.1
Project("{FAE04EC0-301F-11D3-BF4B-00C04F79EFBC}") = "BackgroundService", "BackgroundService\BackgroundService.csproj", "{316652A3-71DA-4632-B5EA-E621AAC6FB0A}"
EndProject
Global
	GlobalSection(SolutionConfigurationPlatforms) = preSolution
		Debug|Any CPU = Debug|Any CPU
		Release|Any CPU = Release|Any CPU
	EndGlobalSection
	GlobalSection(ProjectConfigurationPlatforms) = postSolution
		{316652A3-71DA-4632-B5EA-E621AAC6FB0A}.Debug|Any CPU.ActiveCfg = Debug|Any CPU
		{316652A3-71DA-4632-B5EA-E621AAC6FB0A}.Debug|Any CPU.Build.0 = Debug|Any CPU
		{316652A3-71DA-4632-B5EA-E621AAC6FB0A}.Release|Any CPU.ActiveCfg = Release|Any CPU
		{316652A3-71DA-4632-B5EA-E621AAC6FB0A}.Release|Any CPU.Build.0 = Release|Any CPU
	EndGlobalSection
	GlobalSection(SolutionProperties) = preSolution
		HideSolutionNode = FALSE
	EndGlobalSection
	GlobalSection(ExtensibilityGlobals) = postSolution
		SolutionGuid = {B584CC4D-436A-493E-91A6-A982A3604625}
	EndGlobalSection
EndGlobal
